{
  "nodes": {
    "coyote": {
      "flake": false,
      "locked": {
        "lastModified": 1788567181,
        "narHash": "sha256-BrFmVRq07z9/p+1Q6JOboOPgEwKp0lBsz8BAAxsq36g=",
        "owner": "taugoust",
        "repo": "Coyote",
        "rev": "be6fb65fcb2204596adf274c875ee33c1cc18b32",
        "type": "github"
      },
      "original": {
        "owner": "taugoust",
        "ref": "v80-opt-report-production",
        "repo": "Coyote",
        "type": "github"
      }
    },
    "coyoteDeltaBase": {
      "flake": false,
      "locked": {
        "lastModified": 1788366318,
        "narHash": "sha256-ExJfvp12lzcdxCp3ZQXvj5vUYhIxrgljQDQv9ViyJCc=",
        "owner": "taugoust",
        "repo": "Coyote",
        "rev": "d0e293778b2e14c3b69c3e9e6295b10dabafe24e",
        "type": "github"
      },
      "original": {
        "owner": "taugoust",
        "repo": "Coyote",
        "rev": "d0e293778b2e14c3b69c3e9e6295b10dabafe24e",
        "type": "github"
      }
    },
    "coyoteDeltaCandidate": {
      "flake": false,
      "locked": {
        "lastModified": 1788507391,
        "narHash": "sha256-5SzpnHUIPCVIl2rHqtE1XuM4PtjyJMObEE1yZOulD7k=",
        "owner": "taugoust",
        "repo": "Coyote",
        "rev": "a2ea6a76e93e526fc264d4a8eaa11291fc2f33e8",
        "type": "github"
      },
      "original": {
        "owner": "taugoust",
        "repo": "Coyote",
        "rev": "a2ea6a76e93e526fc264d4a8eaa11291fc2f33e8",
        "type": "github"
      }
    },
    "flake-utils": {
      "inputs": {
        "systems": "systems"
      },
      "locked": {
        "lastModified": 1731533236,
        "narHash": "sha256-l0KFg5HjrsfsO/JpG+r7fRrqm12kzFHyUHqHCVpMMbI=",
        "owner": "numtide",
        "repo": "flake-utils",
        "rev": "11707dc2f618dd54ca8739b309ec4fc024de578b",
        "type": "github"
      },
      "original": {
        "owner": "numtide",
        "repo": "flake-utils",
        "type": "github"
      }
    },
    "nixpkgs": {
      "locked": {
        "lastModified": 1778003029,
        "narHash": "sha256-q/nkKLDtHIyLjZpKhWk3cSK5IYsFqtMd6UtXF3ddjgA=",
        "owner": "NixOS",
        "repo": "nixpkgs",
        "rev": "0c88e1f2bdb93d5999019e99cb0e61e1fe2af4c5",
        "type": "github"
      },
      "original": {
        "owner": "NixOS",
        "ref": "nixos-25.11",
        "repo": "nixpkgs",
        "type": "github"
      }
    },
    "root": {
      "inputs": {
        "coyote": "coyote",
        "coyoteDeltaBase": "coyoteDeltaBase",
        "coyoteDeltaCandidate": "coyoteDeltaCandidate",
        "flake-utils": "flake-utils",
        "nixpkgs": "nixpkgs"
      }
    },
    "systems": {
      "locked": {
        "lastModified": 1681028828,
        "narHash": "sha256-Vy1rq5AaRuLzOxct8nz4T6wlgyUR7zLU309k9mBC768=",
        "owner": "nix-systems",
        "repo": "default",
        "rev": "da67096a3b9bf56a91d16901293e51ba5b49a27e",
        "type": "github"
      },
      "original": {
        "owner": "nix-systems",
        "repo": "default",
        "type": "github"
      }
    }
  },
  "root": "root",
  "version": 7
}
